
Microsoft Visual Studio Solution File, Format Version 12.00
# Visual Studio Version 16
VisualStudioVersion = 16.0.31005.135
MinimumVisualStudioVersion = 10.0.40219.1
Project("{9A19103F-16F7-4668-BE54-9A1E7A4F7556}") = "NET5.API.CURSODIOLocaliza.with.JWT", "NET5.API.CURSODIOLocaliza.with.JWT\NET5.API.CURSODIOLocaliza.with.JWT.csproj", "{10EDAC2B-1D40-4DD3-92AE-17CEED6A6DAD}"
EndProject
Global
	GlobalSection(SolutionConfigurationPlatforms) = preSolution
		Debug|Any CPU = Debug|Any CPU
		Release|Any CPU = Release|Any CPU
	EndGlobalSection
	GlobalSection(ProjectConfigurationPlatforms) = postSolution
		{10EDAC2B-1D40-4DD3-92AE-17CEED6A6DAD}.Debug|Any CPU.ActiveCfg = Debug|Any CPU
		{10EDAC2B-1D40-4DD3-92AE-17CEED6A6DAD}.Debug|Any CPU.Build.0 = Debug|Any CPU
		{10EDAC2B-1D40-4DD3-92AE-17CEED6A6DAD}.Release|Any CPU.ActiveCfg = Release|Any CPU
		{10EDAC2B-1D40-4DD3-92AE-17CEED6A6DAD}.Release|Any CPU.Build.0 = Release|Any CPU
	EndGlobalSection
	GlobalSection(SolutionProperties) = preSolution
		HideSolutionNode = FALSE
	EndGlobalSection
	GlobalSection(ExtensibilityGlobals) = postSolution
		SolutionGuid = {8BC9DD8F-A821-42BC-9089-E80D317FD938}
	EndGlobalSection
EndGlobal
